
Microsoft Visual Studio Solution File, Format Version 12.00
# Visual Studio Version 16
VisualStudioVersion = 16.0.30907.101
MinimumVisualStudioVersion = 10.0.40219.1
Project("{FAE04EC0-301F-11D3-BF4B-00C04F79EFBC}") = "Get-Device-Info-Tool", "Get-Device-Info-Tool\Get-Device-Info-Tool.csproj", "{324C8BBB-A27E-4CAD-ACC5-5E7D60DF9462}"
EndProject
Global
	GlobalSection(SolutionConfigurationPlatforms) = preSolution
		Debug|Any CPU = Debug|Any CPU
		Release|Any CPU = Release|Any CPU
	EndGlobalSection
	GlobalSection(ProjectConfigurationPlatforms) = postSolution
		{324C8BBB-A27E-4CAD-ACC5-5E7D60DF9462}.Debug|Any CPU.ActiveCfg = Debug|Any CPU
		{324C8BBB-A27E-4CAD-ACC5-5E7D60DF9462}.Debug|Any CPU.Build.0 = Debug|Any CPU
		{324C8BBB-A27E-4CAD-ACC5-5E7D60DF9462}.Release|Any CPU.ActiveCfg = Release|Any CPU
		{324C8BBB-A27E-4CAD-ACC5-5E7D60DF9462}.Release|Any CPU.Build.0 = Release|Any CPU
	EndGlobalSection
	GlobalSection(SolutionProperties) = preSolution
		HideSolutionNode = FALSE
	EndGlobalSection
	GlobalSection(ExtensibilityGlobals) = postSolution
		SolutionGuid = {766C52D3-BE51-45D0-86E5-58C07B7373CC}
	EndGlobalSection
EndGlobal
